// !$*UTF8*$!
{
	archiveVersion = 1;
	classes = {
	};
	objectVersion = 50;
	objects = {

/* Begin PBXBuildFile section */
		30369EE022AAC8D5005851F7 /* AppDelegate.swift in Sources */ = {isa = PBXBuildFile; fileRef = 30369EDF22AAC8D5005851F7 /* AppDelegate.swift */; };
		30369EE222AAC8D5005851F7 /* SceneDelegate.swift in Sources */ = {isa = PBXBuildFile; fileRef = 30369EE122AAC8D5005851F7 /* SceneDelegate.swift */; };
		30369EE422AAC8D5005851F7 /* ContentView.swift in Sources */ = {isa = PBXBuildFile; fileRef = 30369EE322AAC8D5005851F7 /* ContentView.swift */; };
		30369EE622AAC8D8005851F7 /* Assets.xcassets in Resources */ = {isa = PBXBuildFile; fileRef = 30369EE522AAC8D8005851F7 /* Assets.xcassets */; };
		30369EE922AAC8D8005851F7 /* Preview Assets.xcassets in Resources */ = {isa = PBXBuildFile; fileRef = 30369EE822AAC8D8005851F7 /* Preview Assets.xcassets */; };
		30369EEC22AAC8D8005851F7 /* LaunchScreen.storyboard in Resources */ = {isa = PBXBuildFile; fileRef = 30369EEA22AAC8D8005851F7 /* LaunchScreen.storyboard */; };
		30369EF722AAC8D8005851F7 /* bookscompareTests.swift in Sources */ = {isa = PBXBuildFile; fileRef = 30369EF622AAC8D8005851F7 /* bookscompareTests.swift */; };
		30369F0222AAC8D8005851F7 /* bookscompareUITests.swift in Sources */ = {isa = PBXBuildFile; fileRef = 30369F0122AAC8D8005851F7 /* bookscompareUITests.swift */; };
/* End PBXBuildFile section */

/* Begin PBXContainerItemProxy section */
		30369EF322AAC8D8005851F7 /* PBXContainerItemProxy */ = {
			isa = PBXContainerItemProxy;
			containerPortal = 30369ED422AAC8D5005851F7 /* Project object */;
			proxyType = 1;
			remoteGlobalIDString = 30369EDB22AAC8D5005851F7;
			remoteInfo = bookscompare;
		};
		30369EFE22AAC8D8005851F7 /* PBXContainerItemProxy */ = {
			isa = PBXContainerItemProxy;
			containerPortal = 30369ED422AAC8D5005851F7 /* Project object */;
			proxyType = 1;
			remoteGlobalIDString = 30369EDB22AAC8D5005851F7;
			remoteInfo = bookscompare;
		};
/* End PBXContainerItemProxy section */

/* Begin PBXFileReference section */
		30369EDC22AAC8D5005851F7 /* bookscompare.app */ = {isa = PBXFileReference; explicitFileType = wrapper.application; includeInIndex = 0; path = bookscompare.app; sourceTree = BUILT_PRODUCTS_DIR; };
		30369EDF22AAC8D5005851F7 /* AppDelegate.swift */ = {isa = PBXFileReference; lastKnownFileType = sourcecode.swift; path = AppDelegate.swift; sourceTree = "<group>"; };
		30369EE122AAC8D5005851F7 /* SceneDelegate.swift */ = {isa = PBXFileReference; lastKnownFileType = sourcecode.swift; path = SceneDelegate.swift; sourceTree = "<group>"; };
		30369EE322AAC8D5005851F7 /* ContentView.swift */ = {isa = PBXFileReference; lastKnownFileType = sourcecode.swift; path = ContentView.swift; sourceTree = "<group>"; };
		30369EE522AAC8D8005851F7 /* Assets.xcassets */ = {isa = PBXFileReference; lastKnownFileType = folder.assetcatalog; path = Assets.xcassets; sourceTree = "<group>"; };
		30369EE822AAC8D8005851F7 /* Preview Assets.xcassets */ = {isa = PBXFileReference; lastKnownFileType = folder.assetcatalog; path = "Preview Assets.xcassets"; sourceTree = "<group>"; };
		30369EEB22AAC8D8005851F7 /* Base */ = {isa = PBXFileReference; lastKnownFileType = file.storyboard; name = Base; path = Base.lproj/LaunchScreen.storyboard; sourceTree = "<group>"; };
		30369EED22AAC8D8005851F7 /* Info.plist */ = {isa = PBXFileReference; lastKnownFileType = text.plist.xml; path = Info.plist; sourceTree = "<group>"; };
		30369EF222AAC8D8005851F7 /* bookscompareTests.xctest */ = {isa = PBXFileReference; explicitFileType = wrapper.cfbundle; includeInIndex = 0; path = bookscompareTests.xctest; sourceTree = BUILT_PRODUCTS_DIR; };
		30369EF622AAC8D8005851F7 /* bookscompareTests.swift */ = {isa = PBXFileReference; lastKnownFileType = sourcecode.swift; path = bookscompareTests.swift; sourceTree = "<group>"; };
		30369EF822AAC8D8005851F7 /* Info.plist */ = {isa = PBXFileReference; lastKnownFileType = text.plist.xml; path = Info.plist; sourceTree = "<group>"; };
		30369EFD22AAC8D8005851F7 /* bookscompareUITests.xctest */ = {isa = PBXFileReference; explicitFileType = wrapper.cfbundle; includeInIndex = 0; path = bookscompareUITests.xctest; sourceTree = BUILT_PRODUCTS_DIR; };
		30369F0122AAC8D8005851F7 /* bookscompareUITests.swift */ = {isa = PBXFileReference; lastKnownFileType = sourcecode.swift; path = bookscompareUITests.swift; sourceTree = "<group>"; };
		30369F0322AAC8D8005851F7 /* Info.plist */ = {isa = PBXFileReference; lastKnownFileType = text.plist.xml; path = Info.plist; sourceTree = "<group>"; };
/* End PBXFileReference section */

/* Begin PBXFrameworksBuildPhase section */
		30369ED922AAC8D5005851F7 /* Frameworks */ = {
			isa = PBXFrameworksBuildPhase;
			buildActionMask = 2147483647;
			files = (
			);
			runOnlyForDeploymentPostprocessing = 0;
		};
		30369EEF22AAC8D8005851F7 /* Frameworks */ = {
			isa = PBXFrameworksBuildPhase;
			buildActionMask = 2147483647;
			files = (
			);
			runOnlyForDeploymentPostprocessing = 0;
		};
		30369EFA22AAC8D8005851F7 /* Frameworks */ = {
			isa = PBXFrameworksBuildPhase;
			buildActionMask = 2147483647;
			files = (
			);
			runOnlyForDeploymentPostprocessing = 0;
		};
/* End PBXFrameworksBuildPhase section */

/* Begin PBXGroup section */
		30369ED322AAC8D5005851F7 = {
			isa = PBXGroup;
			children = (
				30369EDE22AAC8D5005851F7 /* bookscompare */,
				30369EF522AAC8D8005851F7 /* bookscompareTests */,
				30369F0022AAC8D8005851F7 /* bookscompareUITests */,
				30369EDD22AAC8D5005851F7 /* Products */,
			);
			sourceTree = "<group>";
		};
		30369EDD22AAC8D5005851F7 /* Products */ = {
			isa = PBXGroup;
			children = (
				30369EDC22AAC8D5005851F7 /* bookscompare.app */,
				30369EF222AAC8D8005851F7 /* bookscompareTests.xctest */,
				30369EFD22AAC8D8005851F7 /* bookscompareUITests.xctest */,
			);
			name = Products;
			sourceTree = "<group>";
		};
		30369EDE22AAC8D5005851F7 /* bookscompare */ = {
			isa = PBXGroup;
			children = (
				30369EDF22AAC8D5005851F7 /* AppDelegate.swift */,
				30369EE122AAC8D5005851F7 /* SceneDelegate.swift */,
				30369EE322AAC8D5005851F7 /* ContentView.swift */,
				30369EE522AAC8D8005851F7 /* Assets.xcassets */,
				30369EEA22AAC8D8005851F7 /* LaunchScreen.storyboard */,
				30369EED22AAC8D8005851F7 /* Info.plist */,
				30369EE722AAC8D8005851F7 /* Preview Content */,
			);
			path = bookscompare;
			sourceTree = "<group>";
		};
		30369EE722AAC8D8005851F7 /* Preview Content */ = {
			isa = PBXGroup;
			children = (
				30369EE822AAC8D8005851F7 /* Preview Assets.xcassets */,
			);
			path = "Preview Content";
			sourceTree = "<group>";
		};
		30369EF522AAC8D8005851F7 /* bookscompareTests */ = {
			isa = PBXGroup;
			children = (
				30369EF622AAC8D8005851F7 /* bookscompareTests.swift */,
				30369EF822AAC8D8005851F7 /* Info.plist */,
			);
			path = bookscompareTests;
			sourceTree = "<group>";
		};
		30369F0022AAC8D8005851F7 /* bookscompareUITests */ = {
			isa = PBXGroup;
			children = (
				30369F0122AAC8D8005851F7 /* bookscompareUITests.swift */,
				30369F0322AAC8D8005851F7 /* Info.plist */,
			);
			path = bookscompareUITests;
			sourceTree = "<group>";
		};
/* End PBXGroup section */

/* Begin PBXNativeTarget section */
		30369EDB22AAC8D5005851F7 /* bookscompare */ = {
			isa = PBXNativeTarget;
			buildConfigurationList = 30369F0622AAC8D8005851F7 /* Build configuration list for PBXNativeTarget "bookscompare" */;
			buildPhases = (
				30369ED822AAC8D5005851F7 /* Sources */,
				30369ED922AAC8D5005851F7 /* Frameworks */,
				30369EDA22AAC8D5005851F7 /* Resources */,
			);
			buildRules = (
			);
			dependencies = (
			);
			name = bookscompare;
			productName = bookscompare;
			productReference = 30369EDC22AAC8D5005851F7 /* bookscompare.app */;
			productType = "com.apple.product-type.application";
		};
		30369EF122AAC8D8005851F7 /* bookscompareTests */ = {
			isa = PBXNativeTarget;
			buildConfigurationList = 30369F0922AAC8D8005851F7 /* Build configuration list for PBXNativeTarget "bookscompareTests" */;
			buildPhases = (
				30369EEE22AAC8D8005851F7 /* Sources */,
				30369EEF22AAC8D8005851F7 /* Frameworks */,
				30369EF022AAC8D8005851F7 /* Resources */,
			);
			buildRules = (
			);
			dependencies = (
				30369EF422AAC8D8005851F7 /* PBXTargetDependency */,
			);
			name = bookscompareTests;
			productName = bookscompareTests;
			productReference = 30369EF222AAC8D8005851F7 /* bookscompareTests.xctest */;
			productType = "com.apple.product-type.bundle.unit-test";
		};
		30369EFC22AAC8D8005851F7 /* bookscompareUITests */ = {
			isa = PBXNativeTarget;
			buildConfigurationList = 30369F0C22AAC8D8005851F7 /* Build configuration list for PBXNativeTarget "bookscompareUITests" */;
			buildPhases = (
				30369EF922AAC8D8005851F7 /* Sources */,
				30369EFA22AAC8D8005851F7 /* Frameworks */,
				30369EFB22AAC8D8005851F7 /* Resources */,
			);
			buildRules = (
			);
			dependencies = (
				30369EFF22AAC8D8005851F7 /* PBXTargetDependency */,
			);
			name = bookscompareUITests;
			productName = bookscompareUITests;
			productReference = 30369EFD22AAC8D8005851F7 /* bookscompareUITests.xctest */;
			productType = "com.apple.product-type.bundle.ui-testing";
		};
/* End PBXNativeTarget section */

/* Begin PBXProject section */
		30369ED422AAC8D5005851F7 /* Project object */ = {
			isa = PBXProject;
			attributes = {
				LastSwiftUpdateCheck = 1100;
				LastUpgradeCheck = 1100;
				ORGANIZATIONNAME = "Andrew Mok";
				TargetAttributes = {
					30369EDB22AAC8D5005851F7 = {
						CreatedOnToolsVersion = 11.0;
					};
					30369EF122AAC8D8005851F7 = {
						CreatedOnToolsVersion = 11.0;
						TestTargetID = 30369EDB22AAC8D5005851F7;
					};
					30369EFC22AAC8D8005851F7 = {
						CreatedOnToolsVersion = 11.0;
						TestTargetID = 30369EDB22AAC8D5005851F7;
					};
				};
			};
			buildConfigurationList = 30369ED722AAC8D5005851F7 /* Build configuration list for PBXProject "bookscompare" */;
			compatibilityVersion = "Xcode 9.3";
			developmentRegion = en;
			hasScannedForEncodings = 0;
			knownRegions = (
				en,
				Base,
			);
			mainGroup = 30369ED322AAC8D5005851F7;
			productRefGroup = 30369EDD22AAC8D5005851F7 /* Products */;
			projectDirPath = "";
			projectRoot = "";
			targets = (
				30369EDB22AAC8D5005851F7 /* bookscompare */,
				30369EF122AAC8D8005851F7 /* bookscompareTests */,
				30369EFC22AAC8D8005851F7 /* bookscompareUITests */,
			);
		};
/* End PBXProject section */

/* Begin PBXResourcesBuildPhase section */
		30369EDA22AAC8D5005851F7 /* Resources */ = {
			isa = PBXResourcesBuildPhase;
			buildActionMask = 2147483647;
			files = (
				30369EEC22AAC8D8005851F7 /* LaunchScreen.storyboard in Resources */,
				30369EE922AAC8D8005851F7 /* Preview Assets.xcassets in Resources */,
				30369EE622AAC8D8005851F7 /* Assets.xcassets in Resources */,
			);
			runOnlyForDeploymentPostprocessing = 0;
		};
		30369EF022AAC8D8005851F7 /* Resources */ = {
			isa = PBXResourcesBuildPhase;
			buildActionMask = 2147483647;
			files = (
			);
			runOnlyForDeploymentPostprocessing = 0;
		};
		30369EFB22AAC8D8005851F7 /* Resources */ = {
			isa = PBXResourcesBuildPhase;
			buildActionMask = 2147483647;
			files = (
			);
			runOnlyForDeploymentPostprocessing = 0;
		};
/* End PBXResourcesBuildPhase section */

/* Begin PBXSourcesBuildPhase section */
		30369ED822AAC8D5005851F7 /* Sources */ = {
			isa = PBXSourcesBuildPhase;
			buildActionMask = 2147483647;
			files = (
				30369EE022AAC8D5005851F7 /* AppDelegate.swift in Sources */,
				30369EE222AAC8D5005851F7 /* SceneDelegate.swift in Sources */,
				30369EE422AAC8D5005851F7 /* ContentView.swift in Sources */,
			);
			runOnlyForDeploymentPostprocessing = 0;
		};
		30369EEE22AAC8D8005851F7 /* Sources */ = {
			isa = PBXSourcesBuildPhase;
			buildActionMask = 2147483647;
			files = (
				30369EF722AAC8D8005851F7 /* bookscompareTests.swift in Sources */,
			);
			runOnlyForDeploymentPostprocessing = 0;
		};
		30369EF922AAC8D8005851F7 /* Sources */ = {
			isa = PBXSourcesBuildPhase;
			buildActionMask = 2147483647;
			files = (
				30369F0222AAC8D8005851F7 /* bookscompareUITests.swift in Sources */,
			);
			runOnlyForDeploymentPostprocessing = 0;
		};
/* End PBXSourcesBuildPhase section */

/* Begin PBXTargetDependency section */
		30369EF422AAC8D8005851F7 /* PBXTargetDependency */ = {
			isa = PBXTargetDependency;
			target = 30369EDB22AAC8D5005851F7 /* bookscompare */;
			targetProxy = 30369EF322AAC8D8005851F7 /* PBXContainerItemProxy */;
		};
		30369EFF22AAC8D8005851F7 /* PBXTargetDependency */ = {
			isa = PBXTargetDependency;
			target = 30369EDB22AAC8D5005851F7 /* bookscompare */;
			targetProxy = 30369EFE22AAC8D8005851F7 /* PBXContainerItemProxy */;
		};
/* End PBXTargetDependency section */

/* Begin PBXVariantGroup section */
		30369EEA22AAC8D8005851F7 /* LaunchScreen.storyboard */ = {
			isa = PBXVariantGroup;
			children = (
				30369EEB22AAC8D8005851F7 /* Base */,
			);
			name = LaunchScreen.storyboard;
			sourceTree = "<group>";
		};
/* End PBXVariantGroup section */

/* Begin XCBuildConfiguration section */
		30369F0422AAC8D8005851F7 /* Debug */ = {
			isa = XCBuildConfiguration;
			buildSettings = {
				ALWAYS_SEARCH_USER_PATHS = NO;
				CLANG_ANALYZER_NONNULL = YES;
				CLANG_ANALYZER_NUMBER_OBJECT_CONVERSION = YES_AGGRESSIVE;
				CLANG_CXX_LANGUAGE_STANDARD = "gnu++14";
				CLANG_CXX_LIBRARY = "libc++";
				CLANG_ENABLE_MODULES = YES;
				CLANG_ENABLE_OBJC_ARC = YES;
				CLANG_ENABLE_OBJC_WEAK = YES;
				CLANG_WARN_BLOCK_CAPTURE_AUTORELEASING = YES;
				CLANG_WARN_BOOL_CONVERSION = YES;
				CLANG_WARN_COMMA = YES;
				CLANG_WARN_CONSTANT_CONVERSION = YES;
				CLANG_WARN_DEPRECATED_OBJC_IMPLEMENTATIONS = YES;
				CLANG_WARN_DIRECT_OBJC_ISA_USAGE = YES_ERROR;
				CLANG_WARN_DOCUMENTATION_COMMENTS = YES;
				CLANG_WARN_EMPTY_BODY = YES;
				CLANG_WARN_ENUM_CONVERSION = YES;
				CLANG_WARN_INFINITE_RECURSION = YES;
				CLANG_WARN_INT_CONVERSION = YES;
				CLANG_WARN_NON_LITERAL_NULL_CONVERSION = YES;
				CLANG_WARN_OBJC_IMPLICIT_RETAIN_SELF = YES;
				CLANG_WARN_OBJC_LITERAL_CONVERSION = YES;
				CLANG_WARN_OBJC_ROOT_CLASS = YES_ERROR;
				CLANG_WARN_RANGE_LOOP_ANALYSIS = YES;
				CLANG_WARN_STRICT_PROTOTYPES = YES;
				CLANG_WARN_SUSPICIOUS_MOVE = YES;
				CLANG_WARN_UNGUARDED_AVAILABILITY = YES_AGGRESSIVE;
				CLANG_WARN_UNREACHABLE_CODE = YES;
				CLANG_WARN__DUPLICATE_METHOD_MATCH = YES;
				COPY_PHASE_STRIP = NO;
				DEBUG_INFORMATION_FORMAT = dwarf;
				ENABLE_STRICT_OBJC_MSGSEND = YES;
				ENABLE_TESTABILITY = YES;
				GCC_C_LANGUAGE_STANDARD = gnu11;
				GCC_DYNAMIC_NO_PIC = NO;
				GCC_NO_COMMON_BLOCKS = YES;
				GCC_OPTIMIZATION_LEVEL = 0;
				GCC_PREPROCESSOR_DEFINITIONS = (
					"DEBUG=1",
					"$(inherited)",
				);
				GCC_WARN_64_TO_32_BIT_CONVERSION = YES;
				GCC_WARN_ABOUT_RETURN_TYPE = YES_ERROR;
				GCC_WARN_UNDECLARED_SELECTOR = YES;
				GCC_WARN_UNINITIALIZED_AUTOS = YES_AGGRESSIVE;
				GCC_WARN_UNUSED_FUNCTION = YES;
				GCC_WARN_UNUSED_VARIABLE = YES;
				IPHONEOS_DEPLOYMENT_TARGET = 13.0;
				MTL_ENABLE_DEBUG_INFO = INCLUDE_SOURCE;
				MTL_FAST_MATH = YES;
				ONLY_ACTIVE_ARCH = YES;
				SDKROOT = iphoneos;
				SWIFT_ACTIVE_COMPILATION_CONDITIONS = DEBUG;
				SWIFT_OPTIMIZATION_LEVEL = "-Onone";
			};
			name = Debug;
		};
		30369F0522AAC8D8005851F7 /* Release */ = {
			isa = XCBuildConfiguration;
			buildSettings = {
				ALWAYS_SEARCH_USER_PATHS = NO;
				CLANG_ANALYZER_NONNULL = YES;
				CLANG_ANALYZER_NUMBER_OBJECT_CONVERSION = YES_AGGRESSIVE;
				CLANG_CXX_LANGUAGE_STANDARD = "gnu++14";
				CLANG_CXX_LIBRARY = "libc++";
				CLANG_ENABLE_MODULES = YES;
				CLANG_ENABLE_OBJC_ARC = YES;
				CLANG_ENABLE_OBJC_WEAK = YES;
				CLANG_WARN_BLOCK_CAPTURE_AUTORELEASING = YES;
				CLANG_WARN_BOOL_CONVERSION = YES;
				CLANG_WARN_COMMA = YES;
				CLANG_WARN_CONSTANT_CONVERSION = YES;
				CLANG_WARN_DEPRECATED_OBJC_IMPLEMENTATIONS = YES;
				CLANG_WARN_DIRECT_OBJC_ISA_USAGE = YES_ERROR;
				CLANG_WARN_DOCUMENTATION_COMMENTS = YES;
				CLANG_WARN_EMPTY_BODY = YES;
				CLANG_WARN_ENUM_CONVERSION = YES;
				CLANG_WARN_INFINITE_RECURSION = YES;
				CLANG_WARN_INT_CONVERSION = YES;
				CLANG_WARN_NON_LITERAL_NULL_CONVERSION = YES;
				CLANG_WARN_OBJC_IMPLICIT_RETAIN_SELF = YES;
				CLANG_WARN_OBJC_LITERAL_CONVERSION = YES;
				CLANG_WARN_OBJC_ROOT_CLASS = YES_ERROR;
				CLANG_WARN_RANGE_LOOP_ANALYSIS = YES;
				CLANG_WARN_STRICT_PROTOTYPES = YES;
				CLANG_WARN_SUSPICIOUS_MOVE = YES;
				CLANG_WARN_UNGUARDED_AVAILABILITY = YES_AGGRESSIVE;
				CLANG_WARN_UNREACHABLE_CODE = YES;
				CLANG_WARN__DUPLICATE_METHOD_MATCH = YES;
				COPY_PHASE_STRIP = NO;
				DEBUG_INFORMATION_FORMAT = "dwarf-with-dsym";
				ENABLE_NS_ASSERTIONS = NO;
				ENABLE_STRICT_OBJC_MSGSEND = YES;
				GCC_C_LANGUAGE_STANDARD = gnu11;
				GCC_NO_COMMON_BLOCKS = YES;
				GCC_WARN_64_TO_32_BIT_CONVERSION = YES;
				GCC_WARN_ABOUT_RETURN_TYPE = YES_ERROR;
				GCC_WARN_UNDECLARED_SELECTOR = YES;
				GCC_WARN_UNINITIALIZED_AUTOS = YES_AGGRESSIVE;
				GCC_WARN_UNUSED_FUNCTION = YES;
				GCC_WARN_UNUSED_VARIABLE = YES;
				IPHONEOS_DEPLOYMENT_TARGET = 13.0;
				MTL_ENABLE_DEBUG_INFO = NO;
				MTL_FAST_MATH = YES;
				SDKROOT = iphoneos;
				SWIFT_COMPILATION_MODE = wholemodule;
				SWIFT_OPTIMIZATION_LEVEL = "-O";
				VALIDATE_PRODUCT = YES;
			};
			name = Release;
		};
		30369F0722AAC8D8005851F7 /* Debug */ = {
			isa = XCBuildConfiguration;
			buildSettings = {
				ASSETCATALOG_COMPILER_APPICON_NAME = AppIcon;
				CODE_SIGN_STYLE = Automatic;
				DEVELOPMENT_ASSET_PATHS = "bookscompare/Preview\\ Content";
				DEVELOPMENT_TEAM = XKK7J9PRAG;
				ENABLE_PREVIEWS = YES;
				INFOPLIST_FILE = bookscompare/Info.plist;
				LD_RUNPATH_SEARCH_PATHS = (
					"$(inherited)",
					"@executable_path/Frameworks",
				);
				PRODUCT_BUNDLE_IDENTIFIER = andrewmmc.bookscompare;
				PRODUCT_NAME = "$(TARGET_NAME)";
				SWIFT_VERSION = 5.0;
				TARGETED_DEVICE_FAMILY = "1,2";
			};
			name = Debug;
		};
		30369F0822AAC8D8005851F7 /* Release */ = {
			isa = XCBuildConfiguration;
			buildSettings = {
				ASSETCATALOG_COMPILER_APPICON_NAME = AppIcon;
				CODE_SIGN_STYLE = Automatic;
				DEVELOPMENT_ASSET_PATHS = "bookscompare/Preview\\ Content";
				DEVELOPMENT_TEAM = XKK7J9PRAG;
				ENABLE_PREVIEWS = YES;
				INFOPLIST_FILE = bookscompare/Info.plist;
				LD_RUNPATH_SEARCH_PATHS = (
					"$(inherited)",
					"@executable_path/Frameworks",
				);
				PRODUCT_BUNDLE_IDENTIFIER = andrewmmc.bookscompare;
				PRODUCT_NAME = "$(TARGET_NAME)";
				SWIFT_VERSION = 5.0;
				TARGETED_DEVICE_FAMILY = "1,2";
			};
			name = Release;
		};
		30369F0A22AAC8D8005851F7 /* Debug */ = {
			isa = XCBuildConfiguration;
			buildSettings = {
				ALWAYS_EMBED_SWIFT_STANDARD_LIBRARIES = YES;
				BUNDLE_LOADER = "$(TEST_HOST)";
				CODE_SIGN_STYLE = Automatic;
				DEVELOPMENT_TEAM = XKK7J9PRAG;
				INFOPLIST_FILE = bookscompareTests/Info.plist;
				LD_RUNPATH_SEARCH_PATHS = (
					"$(inherited)",
					"@executable_path/Frameworks",
					"@loader_path/Frameworks",
				);
				PRODUCT_BUNDLE_IDENTIFIER = andrewmmc.bookscompareTests;
				PRODUCT_NAME = "$(TARGET_NAME)";
				SWIFT_VERSION = 5.0;
				TARGETED_DEVICE_FAMILY = "1,2";
				TEST_HOST = "$(BUILT_PRODUCTS_DIR)/bookscompare.app/bookscompare";
			};
			name = Debug;
		};
		30369F0B22AAC8D8005851F7 /* Release */ = {
			isa = XCBuildConfiguration;
			buildSettings = {
				ALWAYS_EMBED_SWIFT_STANDARD_LIBRARIES = YES;
				BUNDLE_LOADER = "$(TEST_HOST)";
				CODE_SIGN_STYLE = Automatic;
				DEVELOPMENT_TEAM = XKK7J9PRAG;
				INFOPLIST_FILE = bookscompareTests/Info.plist;
				LD_RUNPATH_SEARCH_PATHS = (
					"$(inherited)",
					"@executable_path/Frameworks",
					"@loader_path/Frameworks",
				);
				PRODUCT_BUNDLE_IDENTIFIER = andrewmmc.bookscompareTests;
				PRODUCT_NAME = "$(TARGET_NAME)";
				SWIFT_VERSION = 5.0;
				TARGETED_DEVICE_FAMILY = "1,2";
				TEST_HOST = "$(BUILT_PRODUCTS_DIR)/bookscompare.app/bookscompare";
			};
			name = Release;
		};
		30369F0D22AAC8D8005851F7 /* Debug */ = {
			isa = XCBuildConfiguration;
			buildSettings = {
				ALWAYS_EMBED_SWIFT_STANDARD_LIBRARIES = YES;
				CODE_SIGN_STYLE = Automatic;
				DEVELOPMENT_TEAM = XKK7J9PRAG;
				INFOPLIST_FILE = bookscompareUITests/Info.plist;
				LD_RUNPATH_SEARCH_PATHS = (
					"$(inherited)",
					"@executable_path/Frameworks",
					"@loader_path/Frameworks",
				);
				PRODUCT_BUNDLE_IDENTIFIER = andrewmmc.bookscompareUITests;
				PRODUCT_NAME = "$(TARGET_NAME)";
				SWIFT_VERSION = 5.0;
				TARGETED_DEVICE_FAMILY = "1,2";
				TEST_TARGET_NAME = bookscompare;
			};
			name = Debug;
		};
		30369F0E22AAC8D8005851F7 /* Release */ = {
			isa = XCBuildConfiguration;
			buildSettings = {
				ALWAYS_EMBED_SWIFT_STANDARD_LIBRARIES = YES;
				CODE_SIGN_STYLE = Automatic;
				DEVELOPMENT_TEAM = XKK7J9PRAG;
				INFOPLIST_FILE = bookscompareUITests/Info.plist;
				LD_RUNPATH_SEARCH_PATHS = (
					"$(inherited)",
					"@executable_path/Frameworks",
					"@loader_path/Frameworks",
				);
				PRODUCT_BUNDLE_IDENTIFIER = andrewmmc.bookscompareUITests;
				PRODUCT_NAME = "$(TARGET_NAME)";
				SWIFT_VERSION = 5.0;
				TARGETED_DEVICE_FAMILY = "1,2";
				TEST_TARGET_NAME = bookscompare;
			};
			name = Release;
		};
/* End XCBuildConfiguration section */

/* Begin XCConfigurationList section */
		30369ED722AAC8D5005851F7 /* Build configuration list for PBXProject "bookscompare" */ = {
			isa = XCConfigurationList;
			buildConfigurations = (
				30369F0422AAC8D8005851F7 /* Debug */,
				30369F0522AAC8D8005851F7 /* Release */,
			);
			defaultConfigurationIsVisible = 0;
			defaultConfigurationName = Release;
		};
		30369F0622AAC8D8005851F7 /* Build configuration list for PBXNativeTarget "bookscompare" */ = {
			isa = XCConfigurationList;
			buildConfigurations = (
				30369F0722AAC8D8005851F7 /* Debug */,
				30369F0822AAC8D8005851F7 /* Release */,
			);
			defaultConfigurationIsVisible = 0;
			defaultConfigurationName = Release;
		};
		30369F0922AAC8D8005851F7 /* Build configuration list for PBXNativeTarget "bookscompareTests" */ = {
			isa = XCConfigurationList;
			buildConfigurations = (
				30369F0A22AAC8D8005851F7 /* Debug */,
				30369F0B22AAC8D8005851F7 /* Release */,
			);
			defaultConfigurationIsVisible = 0;
			defaultConfigurationName = Release;
		};
		30369F0C22AAC8D8005851F7 /* Build configuration list for PBXNativeTarget "bookscompareUITests" */ = {
			isa = XCConfigurationList;
			buildConfigurations = (
				30369F0D22AAC8D8005851F7 /* Debug */,
				30369F0E22AAC8D8005851F7 /* Release */,
			);
			defaultConfigurationIsVisible = 0;
			defaultConfigurationName = Release;
		};
/* End XCConfigurationList section */
	};
	rootObject = 30369ED422AAC8D5005851F7 /* Project object */;
}
